name: Generate package-lock

on:
  workflow_dispatch:

jobs:
  generate-lock:
    runs-on: ubuntu-latest
    steps:
      - name: Checkout repository
        uses: actions/checkout@v4
        with:
          fetch-depth: 0
          persist-credentials: true

      - name: Setup Node.js
        uses: actions/setup-node@v4
        with:
          node-version: '18'

      - name: Install dependencies
        run: |
          npm ci || npm install

      - name: Commit package-lock.json
        uses: stefanzweifel/git-auto-commit-action@v4
        with:
          commit_message: "chore: add package-lock.json (generated by workflow)"
          file_pattern: package-lock.json
          branch: main
